
Microsoft Visual Studio Solution File, Format Version 12.00
# Visual Studio 15
VisualStudioVersion = 15.0.27703.2035
MinimumVisualStudioVersion = 10.0.40219.1
Project("{9A19103F-16F7-4668-BE54-9A1E7A4F7556}") = "aspnetapp", "aspnetapp.csproj", "{3B3379B0-B54A-4B29-88B0-791D7D0FE4F6}"
EndProject
Project("{E53339B2-1760-4266-BCC7-CA923CBCF16C}") = "docker-compose", "docker-compose.dcproj", "{8DF804C2-91C2-4B49-B834-C0CEA6C92FF3}"
EndProject
Global
	GlobalSection(SolutionConfigurationPlatforms) = preSolution
		Debug|Any CPU = Debug|Any CPU
		Release|Any CPU = Release|Any CPU
	EndGlobalSection
	GlobalSection(ProjectConfigurationPlatforms) = postSolution
		{3B3379B0-B54A-4B29-88B0-791D7D0FE4F6}.Debug|Any CPU.ActiveCfg = Debug|Any CPU
		{3B3379B0-B54A-4B29-88B0-791D7D0FE4F6}.Debug|Any CPU.Build.0 = Debug|Any CPU
		{3B3379B0-B54A-4B29-88B0-791D7D0FE4F6}.Release|Any CPU.ActiveCfg = Release|Any CPU
		{3B3379B0-B54A-4B29-88B0-791D7D0FE4F6}.Release|Any CPU.Build.0 = Release|Any CPU
		{8DF804C2-91C2-4B49-B834-C0CEA6C92FF3}.Debug|Any CPU.ActiveCfg = Debug|Any CPU
		{8DF804C2-91C2-4B49-B834-C0CEA6C92FF3}.Debug|Any CPU.Build.0 = Debug|Any CPU
		{8DF804C2-91C2-4B49-B834-C0CEA6C92FF3}.Release|Any CPU.ActiveCfg = Release|Any CPU
		{8DF804C2-91C2-4B49-B834-C0CEA6C92FF3}.Release|Any CPU.Build.0 = Release|Any CPU
	EndGlobalSection
	GlobalSection(SolutionProperties) = preSolution
		HideSolutionNode = FALSE
	EndGlobalSection
	GlobalSection(ExtensibilityGlobals) = postSolution
		SolutionGuid = {ADA7C791-3937-49E8-BE1E-A476B8535109}
	EndGlobalSection
EndGlobal
